<?xml version="1.0" encoding="UTF-8"?>
<Scheme
   version = "1.3">
   <BuildAction>
      <BuildActionEntries>
         <BuildActionEntry
            buildForRunning = "YES">
            <BuildableReference
               BuildableIdentifier = "primary"
               BlueprintIdentifier = "B692A46E1954D9CA00344E36"
               BuildableName = "VENTokenFieldSample.app"
               BlueprintName = "VENTokenFieldSample"
               ReferencedContainer = "container:VENTokenField.xcodeproj">
            </BuildableReference>
         </BuildActionEntry>
      </BuildActionEntries>
   </BuildAction>
   <LaunchAction
      useCustomWorkingDirectory = "NO"
      buildConfiguration = "Debug">
      <BuildableProductRunnable>
         <BuildableReference
            BuildableIdentifier = "primary"
            BlueprintIdentifier = "B692A46E1954D9CA00344E36"
            BuildableName = "VENTokenFieldSample.app"
            BlueprintName = "VENTokenFieldSample"
            ReferencedContainer = "container:VENTokenField.xcodeproj">
         </BuildableReference>
      </BuildableProductRunnable>
   </LaunchAction>
</Scheme>
