PODS:
  - FrameAccessor (1.3.2)
  - KIF (3.0.7):
    - KIF/XCTest
  - KIF/XCTest (3.0.7)
  - VENTokenField (2.0.1):
    - FrameAccessor (~> 1.0)

DEPENDENCIES:
  - KIF (~> 3.0.4)
  - VENTokenField (from `.`)

EXTERNAL SOURCES:
  VENTokenField:
    :path: .

SPEC CHECKSUMS:
  FrameAccessor: 8bf7a2c66f86005ff9bcd1c9cbd0a3eb4970910b
  KIF: 685ab7b49c1092732b7cb3106cc957366b01e225
  VENTokenField: a5094a240dc70494ba1b5b147889ac66e508b4f0

COCOAPODS: 0.33.1
