PODS:
  - FrameAccessor (1.3.2)
  - KIF (3.0.8):
    - KIF/XCTest
  - KIF/XCTest (3.0.8)
  - VENTokenField (2.2.2):
    - FrameAccessor (~> 1.0)

DEPENDENCIES:
  - KIF (~> 3.0.4)
  - VENTokenField (from `.`)

EXTERNAL SOURCES:
  VENTokenField:
    :path: .

SPEC CHECKSUMS:
  FrameAccessor: 5eec95b29b5e9a3afe72a7a2e9ed25b000d3bcc3
  KIF: 2db5e8cf59136dd1267d49cca0d55883389b09d3
  VENTokenField: 792ecff74660df8f0d2ab39c2c869e5bd5584998

COCOAPODS: 0.34.2
