<?xml version="1.0" encoding="UTF-8"?>
<!DOCTYPE plist PUBLIC "-//Apple//DTD PLIST 1.0//EN" "http://www.apple.com/DTDs/PropertyList-1.0.dtd">
<plist version="1.0">
<dict>
	<key>archiveVersion</key>
	<string>1</string>
	<key>classes</key>
	<dict/>
	<key>objectVersion</key>
	<string>46</string>
	<key>objects</key>
	<dict>
		<key>0170986404D340E18F79193A</key>
		<dict>
			<key>buildActionMask</key>
			<string>2147483647</string>
			<key>files</key>
			<array/>
			<key>inputPaths</key>
			<array/>
			<key>isa</key>
			<string>PBXShellScriptBuildPhase</string>
			<key>name</key>
			<string>Copy Pods Resources</string>
			<key>outputPaths</key>
			<array/>
			<key>runOnlyForDeploymentPostprocessing</key>
			<string>0</string>
			<key>shellPath</key>
			<string>/bin/sh</string>
			<key>shellScript</key>
			<string>"${SRCROOT}/Pods/Pods-VENTokenField-resources.sh"
</string>
			<key>showEnvVarsInLog</key>
			<string>0</string>
		</dict>
		<key>0CD24887D17F41CB9A2D8AF8</key>
		<dict>
			<key>includeInIndex</key>
			<string>1</string>
			<key>isa</key>
			<string>PBXFileReference</string>
			<key>lastKnownFileType</key>
			<string>text.xcconfig</string>
			<key>name</key>
			<string>Pods-VENTokenFieldSampleTests.xcconfig</string>
			<key>path</key>
			<string>Pods/Pods-VENTokenFieldSampleTests.xcconfig</string>
			<key>sourceTree</key>
			<string>&lt;group&gt;</string>
		</dict>
		<key>0F6F46E7D9B04242884425DB</key>
		<dict>
			<key>fileRef</key>
			<string>48054D1FB265443498AE9571</string>
			<key>isa</key>
			<string>PBXBuildFile</string>
		</dict>
		<key>2803779BB60049739FFA6935</key>
		<dict>
			<key>includeInIndex</key>
			<string>1</string>
			<key>isa</key>
			<string>PBXFileReference</string>
			<key>lastKnownFileType</key>
			<string>text.xcconfig</string>
			<key>name</key>
			<string>Pods-VENTokenField.xcconfig</string>
			<key>path</key>
			<string>Pods/Pods-VENTokenField.xcconfig</string>
			<key>sourceTree</key>
			<string>&lt;group&gt;</string>
		</dict>
		<key>3FFC32BD8E4048349ABF55A2</key>
		<dict>
			<key>fileRef</key>
			<string>7A002D98BC58468DB3B8E6C4</string>
			<key>isa</key>
			<string>PBXBuildFile</string>
		</dict>
		<key>48054D1FB265443498AE9571</key>
		<dict>
			<key>explicitFileType</key>
			<string>archive.ar</string>
			<key>includeInIndex</key>
			<string>0</string>
			<key>isa</key>
			<string>PBXFileReference</string>
			<key>path</key>
			<string>libPods-VENTokenFieldSampleTests.a</string>
			<key>sourceTree</key>
			<string>BUILT_PRODUCTS_DIR</string>
		</dict>
		<key>50CB7BF075094249AF9DF3BD</key>
		<dict>
			<key>includeInIndex</key>
			<string>1</string>
			<key>isa</key>
			<string>PBXFileReference</string>
			<key>lastKnownFileType</key>
			<string>text.xcconfig</string>
			<key>name</key>
			<string>Pods-VENTokenFieldSample.xcconfig</string>
			<key>path</key>
			<string>Pods/Pods-VENTokenFieldSample.xcconfig</string>
			<key>sourceTree</key>
			<string>&lt;group&gt;</string>
		</dict>
		<key>5246B7E5C307436E858C1DEC</key>
		<dict>
			<key>buildActionMask</key>
			<string>2147483647</string>
			<key>files</key>
			<array/>
			<key>inputPaths</key>
			<array/>
			<key>isa</key>
			<string>PBXShellScriptBuildPhase</string>
			<key>name</key>
			<string>Check Pods Manifest.lock</string>
			<key>outputPaths</key>
			<array/>
			<key>runOnlyForDeploymentPostprocessing</key>
			<string>0</string>
			<key>shellPath</key>
			<string>/bin/sh</string>
			<key>shellScript</key>
			<string>diff "${PODS_ROOT}/../Podfile.lock" "${PODS_ROOT}/Manifest.lock" &gt; /dev/null
if [[ $? != 0 ]] ; then
    cat &lt;&lt; EOM
error: The sandbox is not in sync with the Podfile.lock. Run 'pod install' or update your CocoaPods installation.
EOM
    exit 1
fi
</string>
			<key>showEnvVarsInLog</key>
			<string>0</string>
		</dict>
		<key>745245AF77574DF0A11EFB13</key>
		<dict>
			<key>buildActionMask</key>
			<string>2147483647</string>
			<key>files</key>
			<array/>
			<key>inputPaths</key>
			<array/>
			<key>isa</key>
			<string>PBXShellScriptBuildPhase</string>
			<key>name</key>
			<string>Copy Pods Resources</string>
			<key>outputPaths</key>
			<array/>
			<key>runOnlyForDeploymentPostprocessing</key>
			<string>0</string>
			<key>shellPath</key>
			<string>/bin/sh</string>
			<key>shellScript</key>
			<string>"${SRCROOT}/Pods/Pods-VENTokenFieldSampleTests-resources.sh"
</string>
			<key>showEnvVarsInLog</key>
			<string>0</string>
		</dict>
		<key>7A002D98BC58468DB3B8E6C4</key>
		<dict>
			<key>explicitFileType</key>
			<string>archive.ar</string>
			<key>includeInIndex</key>
			<string>0</string>
			<key>isa</key>
			<string>PBXFileReference</string>
			<key>path</key>
			<string>libPods-VENTokenField.a</string>
			<key>sourceTree</key>
			<string>BUILT_PRODUCTS_DIR</string>
		</dict>
		<key>7D53C252A09A4DDBA4961517</key>
		<dict>
			<key>buildActionMask</key>
			<string>2147483647</string>
			<key>files</key>
			<array/>
			<key>inputPaths</key>
			<array/>
			<key>isa</key>
			<string>PBXShellScriptBuildPhase</string>
			<key>name</key>
			<string>Check Pods Manifest.lock</string>
			<key>outputPaths</key>
			<array/>
			<key>runOnlyForDeploymentPostprocessing</key>
			<string>0</string>
			<key>shellPath</key>
			<string>/bin/sh</string>
			<key>shellScript</key>
			<string>diff "${PODS_ROOT}/../Podfile.lock" "${PODS_ROOT}/Manifest.lock" &gt; /dev/null
if [[ $? != 0 ]] ; then
    cat &lt;&lt; EOM
error: The sandbox is not in sync with the Podfile.lock. Run 'pod install' or update your CocoaPods installation.
EOM
    exit 1
fi
</string>
			<key>showEnvVarsInLog</key>
			<string>0</string>
		</dict>
		<key>83A0589C45D944989E3B327C</key>
		<dict>
			<key>buildActionMask</key>
			<string>2147483647</string>
			<key>files</key>
			<array/>
			<key>inputPaths</key>
			<array/>
			<key>isa</key>
			<string>PBXShellScriptBuildPhase</string>
			<key>name</key>
			<string>Copy Pods Resources</string>
			<key>outputPaths</key>
			<array/>
			<key>runOnlyForDeploymentPostprocessing</key>
			<string>0</string>
			<key>shellPath</key>
			<string>/bin/sh</string>
			<key>shellScript</key>
			<string>"${SRCROOT}/Pods/Pods-VENTokenFieldSample-resources.sh"
</string>
			<key>showEnvVarsInLog</key>
			<string>0</string>
		</dict>
		<key>9BF14582F9B9414EAF32CE92</key>
		<dict>
			<key>fileRef</key>
			<string>F5DB7503CF2443B686EA59B7</string>
			<key>isa</key>
			<string>PBXBuildFile</string>
		</dict>
		<key>B6173DF31952760200E293BB</key>
		<dict>
			<key>children</key>
			<array>
				<string>B6173E011952760200E293BB</string>
				<string>B6173E151952760200E293BB</string>
				<string>B692A4741954D9CA00344E36</string>
				<string>B692A4921954D9CA00344E36</string>
				<string>B6173DFE1952760200E293BB</string>
				<string>B6173DFD1952760200E293BB</string>
				<string>2803779BB60049739FFA6935</string>
				<string>50CB7BF075094249AF9DF3BD</string>
				<string>0CD24887D17F41CB9A2D8AF8</string>
			</array>
			<key>isa</key>
			<string>PBXGroup</string>
			<key>sourceTree</key>
			<string>&lt;group&gt;</string>
		</dict>
		<key>B6173DF41952760200E293BB</key>
		<dict>
			<key>attributes</key>
			<dict>
				<key>LastUpgradeCheck</key>
				<string>0510</string>
				<key>ORGANIZATIONNAME</key>
				<string>Venmo</string>
				<key>TargetAttributes</key>
				<dict>
					<key>B6173E0B1952760200E293BB</key>
					<dict>
						<key>TestTargetID</key>
						<string>B692A46E1954D9CA00344E36</string>
					</dict>
					<key>B692A48B1954D9CA00344E36</key>
					<dict>
						<key>TestTargetID</key>
						<string>B692A46E1954D9CA00344E36</string>
					</dict>
				</dict>
			</dict>
			<key>buildConfigurationList</key>
			<string>B6173DF71952760200E293BB</string>
			<key>compatibilityVersion</key>
			<string>Xcode 3.2</string>
			<key>developmentRegion</key>
			<string>English</string>
			<key>hasScannedForEncodings</key>
			<string>0</string>
			<key>isa</key>
			<string>PBXProject</string>
			<key>knownRegions</key>
			<array>
				<string>en</string>
				<string>Base</string>
			</array>
			<key>mainGroup</key>
			<string>B6173DF31952760200E293BB</string>
			<key>productRefGroup</key>
			<string>B6173DFD1952760200E293BB</string>
			<key>projectDirPath</key>
			<string></string>
			<key>projectReferences</key>
			<array/>
			<key>projectRoot</key>
			<string></string>
			<key>targets</key>
			<array>
				<string>B6173DFB1952760200E293BB</string>
				<string>B6173E0B1952760200E293BB</string>
				<string>B692A46E1954D9CA00344E36</string>
				<string>B692A48B1954D9CA00344E36</string>
			</array>
		</dict>
		<key>B6173DF71952760200E293BB</key>
		<dict>
			<key>buildConfigurations</key>
			<array>
				<string>B6173E1D1952760200E293BB</string>
				<string>B6173E1E1952760200E293BB</string>
			</array>
			<key>defaultConfigurationIsVisible</key>
			<string>0</string>
			<key>defaultConfigurationName</key>
			<string>Release</string>
			<key>isa</key>
			<string>XCConfigurationList</string>
		</dict>
		<key>B6173DF81952760200E293BB</key>
		<dict>
			<key>buildActionMask</key>
			<string>2147483647</string>
			<key>files</key>
			<array>
				<string>B6173E2C1952767C00E293BB</string>
				<string>B6173E2E1952767C00E293BB</string>
				<string>B6173E2D1952767C00E293BB</string>
			</array>
			<key>isa</key>
			<string>PBXSourcesBuildPhase</string>
			<key>runOnlyForDeploymentPostprocessing</key>
			<string>0</string>
		</dict>
		<key>B6173DF91952760200E293BB</key>
		<dict>
			<key>buildActionMask</key>
			<string>2147483647</string>
			<key>files</key>
			<array>
				<string>B6173E001952760200E293BB</string>
				<string>3FFC32BD8E4048349ABF55A2</string>
			</array>
			<key>isa</key>
			<string>PBXFrameworksBuildPhase</string>
			<key>runOnlyForDeploymentPostprocessing</key>
			<string>0</string>
		</dict>
		<key>B6173DFA1952760200E293BB</key>
		<dict>
			<key>buildActionMask</key>
			<string>2147483647</string>
			<key>dstPath</key>
			<string>include/$(PRODUCT_NAME)</string>
			<key>dstSubfolderSpec</key>
			<string>16</string>
			<key>files</key>
			<array/>
			<key>isa</key>
			<string>PBXCopyFilesBuildPhase</string>
			<key>runOnlyForDeploymentPostprocessing</key>
			<string>0</string>
		</dict>
		<key>B6173DFB1952760200E293BB</key>
		<dict>
			<key>buildConfigurationList</key>
			<string>B6173E1F1952760200E293BB</string>
			<key>buildPhases</key>
			<array>
				<string>5246B7E5C307436E858C1DEC</string>
				<string>B6173DF81952760200E293BB</string>
				<string>B6173DF91952760200E293BB</string>
				<string>B6173DFA1952760200E293BB</string>
				<string>0170986404D340E18F79193A</string>
			</array>
			<key>buildRules</key>
			<array/>
			<key>dependencies</key>
			<array/>
			<key>isa</key>
			<string>PBXNativeTarget</string>
			<key>name</key>
			<string>VENTokenField</string>
			<key>productName</key>
			<string>VENTokenField</string>
			<key>productReference</key>
			<string>B6173DFC1952760200E293BB</string>
			<key>productType</key>
			<string>com.apple.product-type.library.static</string>
		</dict>
		<key>B6173DFC1952760200E293BB</key>
		<dict>
			<key>explicitFileType</key>
			<string>archive.ar</string>
			<key>includeInIndex</key>
			<string>0</string>
			<key>isa</key>
			<string>PBXFileReference</string>
			<key>path</key>
			<string>libVENTokenField.a</string>
			<key>sourceTree</key>
			<string>BUILT_PRODUCTS_DIR</string>
		</dict>
		<key>B6173DFD1952760200E293BB</key>
		<dict>
			<key>children</key>
			<array>
				<string>B6173DFC1952760200E293BB</string>
				<string>B6173E0C1952760200E293BB</string>
				<string>B692A46F1954D9CA00344E36</string>
				<string>B692A48C1954D9CA00344E36</string>
			</array>
			<key>isa</key>
			<string>PBXGroup</string>
			<key>name</key>
			<string>Products</string>
			<key>sourceTree</key>
			<string>&lt;group&gt;</string>
		</dict>
		<key>B6173DFE1952760200E293BB</key>
		<dict>
			<key>children</key>
			<array>
				<string>B6173DFF1952760200E293BB</string>
				<string>B6173E0D1952760200E293BB</string>
				<string>B6173E101952760200E293BB</string>
				<string>7A002D98BC58468DB3B8E6C4</string>
				<string>B692A4711954D9CA00344E36</string>
				<string>F5DB7503CF2443B686EA59B7</string>
				<string>48054D1FB265443498AE9571</string>
			</array>
			<key>isa</key>
			<string>PBXGroup</string>
			<key>name</key>
			<string>Frameworks</string>
			<key>sourceTree</key>
			<string>&lt;group&gt;</string>
		</dict>
		<key>B6173DFF1952760200E293BB</key>
		<dict>
			<key>isa</key>
			<string>PBXFileReference</string>
			<key>lastKnownFileType</key>
			<string>wrapper.framework</string>
			<key>name</key>
			<string>Foundation.framework</string>
			<key>path</key>
			<string>System/Library/Frameworks/Foundation.framework</string>
			<key>sourceTree</key>
			<string>SDKROOT</string>
		</dict>
		<key>B6173E001952760200E293BB</key>
		<dict>
			<key>fileRef</key>
			<string>B6173DFF1952760200E293BB</string>
			<key>isa</key>
			<string>PBXBuildFile</string>
		</dict>
		<key>B6173E011952760200E293BB</key>
		<dict>
			<key>children</key>
			<array>
				<string>B6173E251952767C00E293BB</string>
				<string>B6173E261952767C00E293BB</string>
				<string>B6173E271952767C00E293BB</string>
				<string>B6173E281952767C00E293BB</string>
				<string>B6173E291952767C00E293BB</string>
				<string>B6173E2A1952767C00E293BB</string>
				<string>B6173E2B1952767C00E293BB</string>
			</array>
			<key>isa</key>
			<string>PBXGroup</string>
			<key>path</key>
			<string>VENTokenField</string>
			<key>sourceTree</key>
			<string>&lt;group&gt;</string>
		</dict>
		<key>B6173E081952760200E293BB</key>
		<dict>
			<key>buildActionMask</key>
			<string>2147483647</string>
			<key>files</key>
			<array>
				<string>B6173E1C1952760200E293BB</string>
			</array>
			<key>isa</key>
			<string>PBXSourcesBuildPhase</string>
			<key>runOnlyForDeploymentPostprocessing</key>
			<string>0</string>
		</dict>
		<key>B6173E091952760200E293BB</key>
		<dict>
			<key>buildActionMask</key>
			<string>2147483647</string>
			<key>files</key>
			<array>
				<string>B6173E0E1952760200E293BB</string>
				<string>B6173E111952760200E293BB</string>
				<string>B6173E141952760200E293BB</string>
				<string>B6173E0F1952760200E293BB</string>
			</array>
			<key>isa</key>
			<string>PBXFrameworksBuildPhase</string>
			<key>runOnlyForDeploymentPostprocessing</key>
			<string>0</string>
		</dict>
		<key>B6173E0A1952760200E293BB</key>
		<dict>
			<key>buildActionMask</key>
			<string>2147483647</string>
			<key>files</key>
			<array>
				<string>B6173E1A1952760200E293BB</string>
			</array>
			<key>isa</key>
			<string>PBXResourcesBuildPhase</string>
			<key>runOnlyForDeploymentPostprocessing</key>
			<string>0</string>
		</dict>
		<key>B6173E0B1952760200E293BB</key>
		<dict>
			<key>buildConfigurationList</key>
			<string>B6173E221952760200E293BB</string>
			<key>buildPhases</key>
			<array>
				<string>B6173E081952760200E293BB</string>
				<string>B6173E091952760200E293BB</string>
				<string>B6173E0A1952760200E293BB</string>
			</array>
			<key>buildRules</key>
			<array/>
			<key>dependencies</key>
			<array>
				<string>B6173E131952760200E293BB</string>
			</array>
			<key>isa</key>
			<string>PBXNativeTarget</string>
			<key>name</key>
			<string>VENTokenFieldTests</string>
			<key>productName</key>
			<string>VENTokenFieldTests</string>
			<key>productReference</key>
			<string>B6173E0C1952760200E293BB</string>
			<key>productType</key>
			<string>com.apple.product-type.bundle.unit-test</string>
		</dict>
		<key>B6173E0C1952760200E293BB</key>
		<dict>
			<key>explicitFileType</key>
			<string>wrapper.cfbundle</string>
			<key>includeInIndex</key>
			<string>0</string>
			<key>isa</key>
			<string>PBXFileReference</string>
			<key>path</key>
			<string>VENTokenFieldTests.xctest</string>
			<key>sourceTree</key>
			<string>BUILT_PRODUCTS_DIR</string>
		</dict>
		<key>B6173E0D1952760200E293BB</key>
		<dict>
			<key>isa</key>
			<string>PBXFileReference</string>
			<key>lastKnownFileType</key>
			<string>wrapper.framework</string>
			<key>name</key>
			<string>XCTest.framework</string>
			<key>path</key>
			<string>Library/Frameworks/XCTest.framework</string>
			<key>sourceTree</key>
			<string>DEVELOPER_DIR</string>
		</dict>
		<key>B6173E0E1952760200E293BB</key>
		<dict>
			<key>fileRef</key>
			<string>B6173E0D1952760200E293BB</string>
			<key>isa</key>
			<string>PBXBuildFile</string>
		</dict>
		<key>B6173E0F1952760200E293BB</key>
		<dict>
			<key>fileRef</key>
			<string>B6173DFF1952760200E293BB</string>
			<key>isa</key>
			<string>PBXBuildFile</string>
		</dict>
		<key>B6173E101952760200E293BB</key>
		<dict>
			<key>isa</key>
			<string>PBXFileReference</string>
			<key>lastKnownFileType</key>
			<string>wrapper.framework</string>
			<key>name</key>
			<string>UIKit.framework</string>
			<key>path</key>
			<string>Library/Frameworks/UIKit.framework</string>
			<key>sourceTree</key>
			<string>DEVELOPER_DIR</string>
		</dict>
		<key>B6173E111952760200E293BB</key>
		<dict>
			<key>fileRef</key>
			<string>B6173E101952760200E293BB</string>
			<key>isa</key>
			<string>PBXBuildFile</string>
		</dict>
		<key>B6173E121952760200E293BB</key>
		<dict>
			<key>containerPortal</key>
			<string>B6173DF41952760200E293BB</string>
			<key>isa</key>
			<string>PBXContainerItemProxy</string>
			<key>proxyType</key>
			<string>1</string>
			<key>remoteGlobalIDString</key>
			<string>B6173DFB1952760200E293BB</string>
			<key>remoteInfo</key>
			<string>VENTokenField</string>
		</dict>
		<key>B6173E131952760200E293BB</key>
		<dict>
			<key>isa</key>
			<string>PBXTargetDependency</string>
			<key>target</key>
			<string>B6173DFB1952760200E293BB</string>
			<key>targetProxy</key>
			<string>B6173E121952760200E293BB</string>
		</dict>
		<key>B6173E141952760200E293BB</key>
		<dict>
			<key>fileRef</key>
			<string>B6173DFC1952760200E293BB</string>
			<key>isa</key>
			<string>PBXBuildFile</string>
		</dict>
		<key>B6173E151952760200E293BB</key>
		<dict>
			<key>children</key>
			<array>
				<string>B6173E1B1952760200E293BB</string>
				<string>B6173E161952760200E293BB</string>
			</array>
			<key>isa</key>
			<string>PBXGroup</string>
			<key>path</key>
			<string>VENTokenFieldTests</string>
			<key>sourceTree</key>
			<string>&lt;group&gt;</string>
		</dict>
		<key>B6173E161952760200E293BB</key>
		<dict>
			<key>children</key>
			<array>
				<string>B6173E171952760200E293BB</string>
				<string>B6173E181952760200E293BB</string>
			</array>
			<key>isa</key>
			<string>PBXGroup</string>
			<key>name</key>
			<string>Supporting Files</string>
			<key>sourceTree</key>
			<string>&lt;group&gt;</string>
		</dict>
		<key>B6173E171952760200E293BB</key>
		<dict>
			<key>isa</key>
			<string>PBXFileReference</string>
			<key>lastKnownFileType</key>
			<string>text.plist.xml</string>
			<key>path</key>
			<string>VENTokenFieldTests-Info.plist</string>
			<key>sourceTree</key>
			<string>&lt;group&gt;</string>
		</dict>
		<key>B6173E181952760200E293BB</key>
		<dict>
			<key>children</key>
			<array>
				<string>B6173E191952760200E293BB</string>
			</array>
			<key>isa</key>
			<string>PBXVariantGroup</string>
			<key>name</key>
			<string>InfoPlist.strings</string>
			<key>sourceTree</key>
			<string>&lt;group&gt;</string>
		</dict>
		<key>B6173E191952760200E293BB</key>
		<dict>
			<key>isa</key>
			<string>PBXFileReference</string>
			<key>lastKnownFileType</key>
			<string>text.plist.strings</string>
			<key>name</key>
			<string>en</string>
			<key>path</key>
			<string>en.lproj/InfoPlist.strings</string>
			<key>sourceTree</key>
			<string>&lt;group&gt;</string>
		</dict>
		<key>B6173E1A1952760200E293BB</key>
		<dict>
			<key>fileRef</key>
			<string>B6173E181952760200E293BB</string>
			<key>isa</key>
			<string>PBXBuildFile</string>
		</dict>
		<key>B6173E1B1952760200E293BB</key>
		<dict>
			<key>isa</key>
			<string>PBXFileReference</string>
			<key>lastKnownFileType</key>
			<string>sourcecode.c.objc</string>
			<key>path</key>
			<string>VENTokenFieldTests.m</string>
			<key>sourceTree</key>
			<string>&lt;group&gt;</string>
		</dict>
		<key>B6173E1C1952760200E293BB</key>
		<dict>
			<key>fileRef</key>
			<string>B6173E1B1952760200E293BB</string>
			<key>isa</key>
			<string>PBXBuildFile</string>
		</dict>
		<key>B6173E1D1952760200E293BB</key>
		<dict>
			<key>buildSettings</key>
			<dict>
				<key>ALWAYS_SEARCH_USER_PATHS</key>
				<string>NO</string>
				<key>CLANG_CXX_LANGUAGE_STANDARD</key>
				<string>gnu++0x</string>
				<key>CLANG_CXX_LIBRARY</key>
				<string>libc++</string>
				<key>CLANG_ENABLE_MODULES</key>
				<string>YES</string>
				<key>CLANG_ENABLE_OBJC_ARC</key>
				<string>YES</string>
				<key>CLANG_WARN_BOOL_CONVERSION</key>
				<string>YES</string>
				<key>CLANG_WARN_CONSTANT_CONVERSION</key>
				<string>YES</string>
				<key>CLANG_WARN_DIRECT_OBJC_ISA_USAGE</key>
				<string>YES_ERROR</string>
				<key>CLANG_WARN_EMPTY_BODY</key>
				<string>YES</string>
				<key>CLANG_WARN_ENUM_CONVERSION</key>
				<string>YES</string>
				<key>CLANG_WARN_INT_CONVERSION</key>
				<string>YES</string>
				<key>CLANG_WARN_OBJC_ROOT_CLASS</key>
				<string>YES_ERROR</string>
				<key>CLANG_WARN__DUPLICATE_METHOD_MATCH</key>
				<string>YES</string>
				<key>COPY_PHASE_STRIP</key>
				<string>NO</string>
				<key>GCC_C_LANGUAGE_STANDARD</key>
				<string>gnu99</string>
				<key>GCC_DYNAMIC_NO_PIC</key>
				<string>NO</string>
				<key>GCC_OPTIMIZATION_LEVEL</key>
				<string>0</string>
				<key>GCC_PREPROCESSOR_DEFINITIONS</key>
				<array>
					<string>DEBUG=1</string>
					<string>$(inherited)</string>
				</array>
				<key>GCC_SYMBOLS_PRIVATE_EXTERN</key>
				<string>NO</string>
				<key>GCC_WARN_64_TO_32_BIT_CONVERSION</key>
				<string>YES</string>
				<key>GCC_WARN_ABOUT_RETURN_TYPE</key>
				<string>YES_ERROR</string>
				<key>GCC_WARN_UNDECLARED_SELECTOR</key>
				<string>YES</string>
				<key>GCC_WARN_UNINITIALIZED_AUTOS</key>
				<string>YES_AGGRESSIVE</string>
				<key>GCC_WARN_UNUSED_FUNCTION</key>
				<string>YES</string>
				<key>GCC_WARN_UNUSED_VARIABLE</key>
				<string>YES</string>
				<key>IPHONEOS_DEPLOYMENT_TARGET</key>
				<string>7.1</string>
				<key>ONLY_ACTIVE_ARCH</key>
				<string>YES</string>
				<key>SDKROOT</key>
				<string>iphoneos</string>
			</dict>
			<key>isa</key>
			<string>XCBuildConfiguration</string>
			<key>name</key>
			<string>Debug</string>
		</dict>
		<key>B6173E1E1952760200E293BB</key>
		<dict>
			<key>buildSettings</key>
			<dict>
				<key>ALWAYS_SEARCH_USER_PATHS</key>
				<string>NO</string>
				<key>CLANG_CXX_LANGUAGE_STANDARD</key>
				<string>gnu++0x</string>
				<key>CLANG_CXX_LIBRARY</key>
				<string>libc++</string>
				<key>CLANG_ENABLE_MODULES</key>
				<string>YES</string>
				<key>CLANG_ENABLE_OBJC_ARC</key>
				<string>YES</string>
				<key>CLANG_WARN_BOOL_CONVERSION</key>
				<string>YES</string>
				<key>CLANG_WARN_CONSTANT_CONVERSION</key>
				<string>YES</string>
				<key>CLANG_WARN_DIRECT_OBJC_ISA_USAGE</key>
				<string>YES_ERROR</string>
				<key>CLANG_WARN_EMPTY_BODY</key>
				<string>YES</string>
				<key>CLANG_WARN_ENUM_CONVERSION</key>
				<string>YES</string>
				<key>CLANG_WARN_INT_CONVERSION</key>
				<string>YES</string>
				<key>CLANG_WARN_OBJC_ROOT_CLASS</key>
				<string>YES_ERROR</string>
				<key>CLANG_WARN__DUPLICATE_METHOD_MATCH</key>
				<string>YES</string>
				<key>COPY_PHASE_STRIP</key>
				<string>YES</string>
				<key>ENABLE_NS_ASSERTIONS</key>
				<string>NO</string>
				<key>GCC_C_LANGUAGE_STANDARD</key>
				<string>gnu99</string>
				<key>GCC_WARN_64_TO_32_BIT_CONVERSION</key>
				<string>YES</string>
				<key>GCC_WARN_ABOUT_RETURN_TYPE</key>
				<string>YES_ERROR</string>
				<key>GCC_WARN_UNDECLARED_SELECTOR</key>
				<string>YES</string>
				<key>GCC_WARN_UNINITIALIZED_AUTOS</key>
				<string>YES_AGGRESSIVE</string>
				<key>GCC_WARN_UNUSED_FUNCTION</key>
				<string>YES</string>
				<key>GCC_WARN_UNUSED_VARIABLE</key>
				<string>YES</string>
				<key>IPHONEOS_DEPLOYMENT_TARGET</key>
				<string>7.1</string>
				<key>SDKROOT</key>
				<string>iphoneos</string>
				<key>VALIDATE_PRODUCT</key>
				<string>YES</string>
			</dict>
			<key>isa</key>
			<string>XCBuildConfiguration</string>
			<key>name</key>
			<string>Release</string>
		</dict>
		<key>B6173E1F1952760200E293BB</key>
		<dict>
			<key>buildConfigurations</key>
			<array>
				<string>B6173E201952760200E293BB</string>
				<string>B6173E211952760200E293BB</string>
			</array>
			<key>defaultConfigurationIsVisible</key>
			<string>0</string>
			<key>defaultConfigurationName</key>
			<string>Release</string>
			<key>isa</key>
			<string>XCConfigurationList</string>
		</dict>
		<key>B6173E201952760200E293BB</key>
		<dict>
			<key>baseConfigurationReference</key>
			<string>2803779BB60049739FFA6935</string>
			<key>buildSettings</key>
			<dict>
				<key>DSTROOT</key>
				<string>/tmp/VENTokenField.dst</string>
				<key>GCC_PRECOMPILE_PREFIX_HEADER</key>
				<string>YES</string>
				<key>OTHER_LDFLAGS</key>
				<string>$(inherited)</string>
				<key>PRODUCT_NAME</key>
				<string>$(TARGET_NAME)</string>
				<key>SKIP_INSTALL</key>
				<string>YES</string>
			</dict>
			<key>isa</key>
			<string>XCBuildConfiguration</string>
			<key>name</key>
			<string>Debug</string>
		</dict>
		<key>B6173E211952760200E293BB</key>
		<dict>
			<key>baseConfigurationReference</key>
			<string>2803779BB60049739FFA6935</string>
			<key>buildSettings</key>
			<dict>
				<key>DSTROOT</key>
				<string>/tmp/VENTokenField.dst</string>
				<key>GCC_PRECOMPILE_PREFIX_HEADER</key>
				<string>YES</string>
				<key>OTHER_LDFLAGS</key>
				<string>$(inherited)</string>
				<key>PRODUCT_NAME</key>
				<string>$(TARGET_NAME)</string>
				<key>SKIP_INSTALL</key>
				<string>YES</string>
			</dict>
			<key>isa</key>
			<string>XCBuildConfiguration</string>
			<key>name</key>
			<string>Release</string>
		</dict>
		<key>B6173E221952760200E293BB</key>
		<dict>
			<key>buildConfigurations</key>
			<array>
				<string>B6173E231952760200E293BB</string>
				<string>B6173E241952760200E293BB</string>
			</array>
			<key>defaultConfigurationIsVisible</key>
			<string>0</string>
			<key>defaultConfigurationName</key>
			<string>Release</string>
			<key>isa</key>
			<string>XCConfigurationList</string>
		</dict>
		<key>B6173E231952760200E293BB</key>
		<dict>
			<key>buildSettings</key>
			<dict>
				<key>BUNDLE_LOADER</key>
				<string>$(BUILT_PRODUCTS_DIR)/VENTokenFieldSample.app/VENTokenFieldSample</string>
				<key>FRAMEWORK_SEARCH_PATHS</key>
				<array>
					<string>$(SDKROOT)/Developer/Library/Frameworks</string>
					<string>$(inherited)</string>
					<string>$(DEVELOPER_FRAMEWORKS_DIR)</string>
				</array>
				<key>GCC_PRECOMPILE_PREFIX_HEADER</key>
				<string>YES</string>
				<key>GCC_PREPROCESSOR_DEFINITIONS</key>
				<array>
					<string>DEBUG=1</string>
					<string>$(inherited)</string>
				</array>
				<key>INFOPLIST_FILE</key>
				<string>VENTokenFieldTests/VENTokenFieldTests-Info.plist</string>
				<key>PRODUCT_NAME</key>
				<string>$(TARGET_NAME)</string>
				<key>TEST_HOST</key>
				<string>$(BUNDLE_LOADER)</string>
				<key>WRAPPER_EXTENSION</key>
				<string>xctest</string>
			</dict>
			<key>isa</key>
			<string>XCBuildConfiguration</string>
			<key>name</key>
			<string>Debug</string>
		</dict>
		<key>B6173E241952760200E293BB</key>
		<dict>
			<key>buildSettings</key>
			<dict>
				<key>BUNDLE_LOADER</key>
				<string>$(BUILT_PRODUCTS_DIR)/VENTokenFieldSample.app/VENTokenFieldSample</string>
				<key>FRAMEWORK_SEARCH_PATHS</key>
				<array>
					<string>$(SDKROOT)/Developer/Library/Frameworks</string>
					<string>$(inherited)</string>
					<string>$(DEVELOPER_FRAMEWORKS_DIR)</string>
				</array>
				<key>GCC_PRECOMPILE_PREFIX_HEADER</key>
				<string>YES</string>
				<key>INFOPLIST_FILE</key>
				<string>VENTokenFieldTests/VENTokenFieldTests-Info.plist</string>
				<key>PRODUCT_NAME</key>
				<string>$(TARGET_NAME)</string>
				<key>TEST_HOST</key>
				<string>$(BUNDLE_LOADER)</string>
				<key>WRAPPER_EXTENSION</key>
				<string>xctest</string>
			</dict>
			<key>isa</key>
			<string>XCBuildConfiguration</string>
			<key>name</key>
			<string>Release</string>
		</dict>
		<key>B6173E251952767C00E293BB</key>
		<dict>
			<key>fileEncoding</key>
			<string>4</string>
			<key>isa</key>
			<string>PBXFileReference</string>
			<key>lastKnownFileType</key>
			<string>sourcecode.c.h</string>
			<key>path</key>
			<string>VENBackspaceTextField.h</string>
			<key>sourceTree</key>
			<string>&lt;group&gt;</string>
		</dict>
		<key>B6173E261952767C00E293BB</key>
		<dict>
			<key>fileEncoding</key>
			<string>4</string>
			<key>isa</key>
			<string>PBXFileReference</string>
			<key>lastKnownFileType</key>
			<string>sourcecode.c.objc</string>
			<key>path</key>
			<string>VENBackspaceTextField.m</string>
			<key>sourceTree</key>
			<string>&lt;group&gt;</string>
		</dict>
		<key>B6173E271952767C00E293BB</key>
		<dict>
			<key>fileEncoding</key>
			<string>4</string>
			<key>isa</key>
			<string>PBXFileReference</string>
			<key>lastKnownFileType</key>
			<string>sourcecode.c.h</string>
			<key>path</key>
			<string>VENToken.h</string>
			<key>sourceTree</key>
			<string>&lt;group&gt;</string>
		</dict>
		<key>B6173E281952767C00E293BB</key>
		<dict>
			<key>fileEncoding</key>
			<string>4</string>
			<key>isa</key>
			<string>PBXFileReference</string>
			<key>lastKnownFileType</key>
			<string>sourcecode.c.objc</string>
			<key>path</key>
			<string>VENToken.m</string>
			<key>sourceTree</key>
			<string>&lt;group&gt;</string>
		</dict>
		<key>B6173E291952767C00E293BB</key>
		<dict>
			<key>fileEncoding</key>
			<string>4</string>
			<key>isa</key>
			<string>PBXFileReference</string>
			<key>lastKnownFileType</key>
			<string>file.xib</string>
			<key>path</key>
			<string>VENToken.xib</string>
			<key>sourceTree</key>
			<string>&lt;group&gt;</string>
		</dict>
		<key>B6173E2A1952767C00E293BB</key>
		<dict>
			<key>fileEncoding</key>
			<string>4</string>
			<key>isa</key>
			<string>PBXFileReference</string>
			<key>lastKnownFileType</key>
			<string>sourcecode.c.h</string>
			<key>path</key>
			<string>VENTokenField.h</string>
			<key>sourceTree</key>
			<string>&lt;group&gt;</string>
		</dict>
		<key>B6173E2B1952767C00E293BB</key>
		<dict>
			<key>fileEncoding</key>
			<string>4</string>
			<key>isa</key>
			<string>PBXFileReference</string>
			<key>lastKnownFileType</key>
			<string>sourcecode.c.objc</string>
			<key>path</key>
			<string>VENTokenField.m</string>
			<key>sourceTree</key>
			<string>&lt;group&gt;</string>
		</dict>
		<key>B6173E2C1952767C00E293BB</key>
		<dict>
			<key>fileRef</key>
			<string>B6173E261952767C00E293BB</string>
			<key>isa</key>
			<string>PBXBuildFile</string>
		</dict>
		<key>B6173E2D1952767C00E293BB</key>
		<dict>
			<key>fileRef</key>
			<string>B6173E281952767C00E293BB</string>
			<key>isa</key>
			<string>PBXBuildFile</string>
		</dict>
		<key>B6173E2E1952767C00E293BB</key>
		<dict>
			<key>fileRef</key>
			<string>B6173E2B1952767C00E293BB</string>
			<key>isa</key>
			<string>PBXBuildFile</string>
		</dict>
		<key>B692A46B1954D9CA00344E36</key>
		<dict>
			<key>buildActionMask</key>
			<string>2147483647</string>
			<key>files</key>
			<array>
				<string>B692A4851954D9CA00344E36</string>
				<string>B692A47F1954D9CA00344E36</string>
				<string>B692A47B1954D9CA00344E36</string>
			</array>
			<key>isa</key>
			<string>PBXSourcesBuildPhase</string>
			<key>runOnlyForDeploymentPostprocessing</key>
			<string>0</string>
		</dict>
		<key>B692A46C1954D9CA00344E36</key>
		<dict>
			<key>buildActionMask</key>
			<string>2147483647</string>
			<key>files</key>
			<array>
				<string>B692A4721954D9CA00344E36</string>
				<string>B692A4731954D9CA00344E36</string>
				<string>B692A4701954D9CA00344E36</string>
				<string>9BF14582F9B9414EAF32CE92</string>
			</array>
			<key>isa</key>
			<string>PBXFrameworksBuildPhase</string>
			<key>runOnlyForDeploymentPostprocessing</key>
			<string>0</string>
		</dict>
		<key>B692A46D1954D9CA00344E36</key>
		<dict>
			<key>buildActionMask</key>
			<string>2147483647</string>
			<key>files</key>
			<array>
				<string>B692A4871954D9CA00344E36</string>
				<string>B692A4791954D9CA00344E36</string>
				<string>B692A4821954D9CA00344E36</string>
			</array>
			<key>isa</key>
			<string>PBXResourcesBuildPhase</string>
			<key>runOnlyForDeploymentPostprocessing</key>
			<string>0</string>
		</dict>
		<key>B692A46E1954D9CA00344E36</key>
		<dict>
			<key>buildConfigurationList</key>
			<string>B692A49A1954D9CA00344E36</string>
			<key>buildPhases</key>
			<array>
				<string>7D53C252A09A4DDBA4961517</string>
				<string>B692A46B1954D9CA00344E36</string>
				<string>B692A46C1954D9CA00344E36</string>
				<string>B692A46D1954D9CA00344E36</string>
				<string>83A0589C45D944989E3B327C</string>
			</array>
			<key>buildRules</key>
			<array/>
			<key>dependencies</key>
			<array/>
			<key>isa</key>
			<string>PBXNativeTarget</string>
			<key>name</key>
			<string>VENTokenFieldSample</string>
			<key>productName</key>
			<string>VENTokenFieldSample</string>
			<key>productReference</key>
			<string>B692A46F1954D9CA00344E36</string>
			<key>productType</key>
			<string>com.apple.product-type.application</string>
		</dict>
		<key>B692A46F1954D9CA00344E36</key>
		<dict>
			<key>explicitFileType</key>
			<string>wrapper.application</string>
			<key>includeInIndex</key>
			<string>0</string>
			<key>isa</key>
			<string>PBXFileReference</string>
			<key>path</key>
			<string>VENTokenFieldSample.app</string>
			<key>sourceTree</key>
			<string>BUILT_PRODUCTS_DIR</string>
		</dict>
		<key>B692A4701954D9CA00344E36</key>
		<dict>
			<key>fileRef</key>
			<string>B6173DFF1952760200E293BB</string>
			<key>isa</key>
			<string>PBXBuildFile</string>
		</dict>
		<key>B692A4711954D9CA00344E36</key>
		<dict>
			<key>isa</key>
			<string>PBXFileReference</string>
			<key>lastKnownFileType</key>
			<string>wrapper.framework</string>
			<key>name</key>
			<string>CoreGraphics.framework</string>
			<key>path</key>
			<string>System/Library/Frameworks/CoreGraphics.framework</string>
			<key>sourceTree</key>
			<string>SDKROOT</string>
		</dict>
		<key>B692A4721954D9CA00344E36</key>
		<dict>
			<key>fileRef</key>
			<string>B692A4711954D9CA00344E36</string>
			<key>isa</key>
			<string>PBXBuildFile</string>
		</dict>
		<key>B692A4731954D9CA00344E36</key>
		<dict>
			<key>fileRef</key>
			<string>B6173E101952760200E293BB</string>
			<key>isa</key>
			<string>PBXBuildFile</string>
		</dict>
		<key>B692A4741954D9CA00344E36</key>
		<dict>
			<key>children</key>
			<array>
				<string>B692A47D1954D9CA00344E36</string>
				<string>B692A47E1954D9CA00344E36</string>
				<string>B692A4801954D9CA00344E36</string>
				<string>B692A4831954D9CA00344E36</string>
				<string>B692A4841954D9CA00344E36</string>
				<string>B692A4861954D9CA00344E36</string>
				<string>B692A4751954D9CA00344E36</string>
			</array>
			<key>isa</key>
			<string>PBXGroup</string>
			<key>path</key>
			<string>VENTokenFieldSample</string>
			<key>sourceTree</key>
			<string>&lt;group&gt;</string>
		</dict>
		<key>B692A4751954D9CA00344E36</key>
		<dict>
			<key>children</key>
			<array>
				<string>B692A4761954D9CA00344E36</string>
				<string>B692A4771954D9CA00344E36</string>
				<string>B692A47A1954D9CA00344E36</string>
				<string>B692A47C1954D9CA00344E36</string>
			</array>
			<key>isa</key>
			<string>PBXGroup</string>
			<key>name</key>
			<string>Supporting Files</string>
			<key>sourceTree</key>
			<string>&lt;group&gt;</string>
		</dict>
		<key>B692A4761954D9CA00344E36</key>
		<dict>
			<key>isa</key>
			<string>PBXFileReference</string>
			<key>lastKnownFileType</key>
			<string>text.plist.xml</string>
			<key>path</key>
			<string>VENTokenFieldSample-Info.plist</string>
			<key>sourceTree</key>
			<string>&lt;group&gt;</string>
		</dict>
		<key>B692A4771954D9CA00344E36</key>
		<dict>
			<key>children</key>
			<array>
				<string>B692A4781954D9CA00344E36</string>
			</array>
			<key>isa</key>
			<string>PBXVariantGroup</string>
			<key>name</key>
			<string>InfoPlist.strings</string>
			<key>sourceTree</key>
			<string>&lt;group&gt;</string>
		</dict>
		<key>B692A4781954D9CA00344E36</key>
		<dict>
			<key>isa</key>
			<string>PBXFileReference</string>
			<key>lastKnownFileType</key>
			<string>text.plist.strings</string>
			<key>name</key>
			<string>en</string>
			<key>path</key>
			<string>en.lproj/InfoPlist.strings</string>
			<key>sourceTree</key>
			<string>&lt;group&gt;</string>
		</dict>
		<key>B692A4791954D9CA00344E36</key>
		<dict>
			<key>fileRef</key>
			<string>B692A4771954D9CA00344E36</string>
			<key>isa</key>
			<string>PBXBuildFile</string>
		</dict>
		<key>B692A47A1954D9CA00344E36</key>
		<dict>
			<key>isa</key>
			<string>PBXFileReference</string>
			<key>lastKnownFileType</key>
			<string>sourcecode.c.objc</string>
			<key>path</key>
			<string>main.m</string>
			<key>sourceTree</key>
			<string>&lt;group&gt;</string>
		</dict>
		<key>B692A47B1954D9CA00344E36</key>
		<dict>
			<key>fileRef</key>
			<string>B692A47A1954D9CA00344E36</string>
			<key>isa</key>
			<string>PBXBuildFile</string>
		</dict>
		<key>B692A47C1954D9CA00344E36</key>
		<dict>
			<key>isa</key>
			<string>PBXFileReference</string>
			<key>lastKnownFileType</key>
			<string>sourcecode.c.h</string>
			<key>path</key>
			<string>VENTokenFieldSample-Prefix.pch</string>
			<key>sourceTree</key>
			<string>&lt;group&gt;</string>
		</dict>
		<key>B692A47D1954D9CA00344E36</key>
		<dict>
			<key>isa</key>
			<string>PBXFileReference</string>
			<key>lastKnownFileType</key>
			<string>sourcecode.c.h</string>
			<key>path</key>
			<string>AppDelegate.h</string>
			<key>sourceTree</key>
			<string>&lt;group&gt;</string>
		</dict>
		<key>B692A47E1954D9CA00344E36</key>
		<dict>
			<key>isa</key>
			<string>PBXFileReference</string>
			<key>lastKnownFileType</key>
			<string>sourcecode.c.objc</string>
			<key>path</key>
			<string>AppDelegate.m</string>
			<key>sourceTree</key>
			<string>&lt;group&gt;</string>
		</dict>
		<key>B692A47F1954D9CA00344E36</key>
		<dict>
			<key>fileRef</key>
			<string>B692A47E1954D9CA00344E36</string>
			<key>isa</key>
			<string>PBXBuildFile</string>
		</dict>
		<key>B692A4801954D9CA00344E36</key>
		<dict>
			<key>children</key>
			<array>
				<string>B692A4811954D9CA00344E36</string>
			</array>
			<key>isa</key>
			<string>PBXVariantGroup</string>
			<key>name</key>
			<string>Main.storyboard</string>
			<key>sourceTree</key>
			<string>&lt;group&gt;</string>
		</dict>
		<key>B692A4811954D9CA00344E36</key>
		<dict>
			<key>isa</key>
			<string>PBXFileReference</string>
			<key>lastKnownFileType</key>
			<string>file.storyboard</string>
			<key>name</key>
			<string>Base</string>
			<key>path</key>
			<string>Base.lproj/Main.storyboard</string>
			<key>sourceTree</key>
			<string>&lt;group&gt;</string>
		</dict>
		<key>B692A4821954D9CA00344E36</key>
		<dict>
			<key>fileRef</key>
			<string>B692A4801954D9CA00344E36</string>
			<key>isa</key>
			<string>PBXBuildFile</string>
		</dict>
		<key>B692A4831954D9CA00344E36</key>
		<dict>
			<key>isa</key>
			<string>PBXFileReference</string>
			<key>lastKnownFileType</key>
			<string>sourcecode.c.h</string>
			<key>path</key>
			<string>ViewController.h</string>
			<key>sourceTree</key>
			<string>&lt;group&gt;</string>
		</dict>
		<key>B692A4841954D9CA00344E36</key>
		<dict>
			<key>isa</key>
			<string>PBXFileReference</string>
			<key>lastKnownFileType</key>
			<string>sourcecode.c.objc</string>
			<key>path</key>
			<string>ViewController.m</string>
			<key>sourceTree</key>
			<string>&lt;group&gt;</string>
		</dict>
		<key>B692A4851954D9CA00344E36</key>
		<dict>
			<key>fileRef</key>
			<string>B692A4841954D9CA00344E36</string>
			<key>isa</key>
			<string>PBXBuildFile</string>
		</dict>
		<key>B692A4861954D9CA00344E36</key>
		<dict>
			<key>isa</key>
			<string>PBXFileReference</string>
			<key>lastKnownFileType</key>
			<string>folder.assetcatalog</string>
			<key>path</key>
			<string>Images.xcassets</string>
			<key>sourceTree</key>
			<string>&lt;group&gt;</string>
		</dict>
		<key>B692A4871954D9CA00344E36</key>
		<dict>
			<key>fileRef</key>
			<string>B692A4861954D9CA00344E36</string>
			<key>isa</key>
			<string>PBXBuildFile</string>
		</dict>
		<key>B692A4881954D9CA00344E36</key>
		<dict>
			<key>buildActionMask</key>
			<string>2147483647</string>
			<key>files</key>
			<array>
				<string>B692A4991954D9CA00344E36</string>
			</array>
			<key>isa</key>
			<string>PBXSourcesBuildPhase</string>
			<key>runOnlyForDeploymentPostprocessing</key>
			<string>0</string>
		</dict>
		<key>B692A4891954D9CA00344E36</key>
		<dict>
			<key>buildActionMask</key>
			<string>2147483647</string>
			<key>files</key>
			<array>
				<string>B692A48D1954D9CA00344E36</string>
				<string>B692A48F1954D9CA00344E36</string>
				<string>B692A48E1954D9CA00344E36</string>
				<string>0F6F46E7D9B04242884425DB</string>
			</array>
			<key>isa</key>
			<string>PBXFrameworksBuildPhase</string>
			<key>runOnlyForDeploymentPostprocessing</key>
			<string>0</string>
		</dict>
		<key>B692A48A1954D9CA00344E36</key>
		<dict>
			<key>buildActionMask</key>
			<string>2147483647</string>
			<key>files</key>
			<array>
				<string>B692A4971954D9CA00344E36</string>
			</array>
			<key>isa</key>
			<string>PBXResourcesBuildPhase</string>
			<key>runOnlyForDeploymentPostprocessing</key>
			<string>0</string>
		</dict>
		<key>B692A48B1954D9CA00344E36</key>
		<dict>
			<key>buildConfigurationList</key>
			<string>B692A49D1954D9CA00344E36</string>
			<key>buildPhases</key>
			<array>
				<string>D5857AF01C324E059F218F89</string>
				<string>B692A4881954D9CA00344E36</string>
				<string>B692A4891954D9CA00344E36</string>
				<string>B692A48A1954D9CA00344E36</string>
				<string>745245AF77574DF0A11EFB13</string>
			</array>
			<key>buildRules</key>
			<array/>
			<key>dependencies</key>
			<array>
				<string>B692A4911954D9CA00344E36</string>
			</array>
			<key>isa</key>
			<string>PBXNativeTarget</string>
			<key>name</key>
			<string>VENTokenFieldSampleTests</string>
			<key>productName</key>
			<string>VENTokenFieldSampleTests</string>
			<key>productReference</key>
			<string>B692A48C1954D9CA00344E36</string>
			<key>productType</key>
			<string>com.apple.product-type.bundle.unit-test</string>
		</dict>
		<key>B692A48C1954D9CA00344E36</key>
		<dict>
			<key>explicitFileType</key>
			<string>wrapper.cfbundle</string>
			<key>includeInIndex</key>
			<string>0</string>
			<key>isa</key>
			<string>PBXFileReference</string>
			<key>path</key>
			<string>VENTokenFieldSampleTests.xctest</string>
			<key>sourceTree</key>
			<string>BUILT_PRODUCTS_DIR</string>
		</dict>
		<key>B692A48D1954D9CA00344E36</key>
		<dict>
			<key>fileRef</key>
			<string>B6173E0D1952760200E293BB</string>
			<key>isa</key>
			<string>PBXBuildFile</string>
		</dict>
		<key>B692A48E1954D9CA00344E36</key>
		<dict>
			<key>fileRef</key>
			<string>B6173DFF1952760200E293BB</string>
			<key>isa</key>
			<string>PBXBuildFile</string>
		</dict>
		<key>B692A48F1954D9CA00344E36</key>
		<dict>
			<key>fileRef</key>
			<string>B6173E101952760200E293BB</string>
			<key>isa</key>
			<string>PBXBuildFile</string>
		</dict>
		<key>B692A4901954D9CA00344E36</key>
		<dict>
			<key>containerPortal</key>
			<string>B6173DF41952760200E293BB</string>
			<key>isa</key>
			<string>PBXContainerItemProxy</string>
			<key>proxyType</key>
			<string>1</string>
			<key>remoteGlobalIDString</key>
			<string>B692A46E1954D9CA00344E36</string>
			<key>remoteInfo</key>
			<string>VENTokenFieldSample</string>
		</dict>
		<key>B692A4911954D9CA00344E36</key>
		<dict>
			<key>isa</key>
			<string>PBXTargetDependency</string>
			<key>target</key>
			<string>B692A46E1954D9CA00344E36</string>
			<key>targetProxy</key>
			<string>B692A4901954D9CA00344E36</string>
		</dict>
		<key>B692A4921954D9CA00344E36</key>
		<dict>
			<key>children</key>
			<array>
				<string>B692A4981954D9CA00344E36</string>
				<string>B692A4931954D9CA00344E36</string>
			</array>
			<key>isa</key>
			<string>PBXGroup</string>
			<key>path</key>
			<string>VENTokenFieldSampleTests</string>
			<key>sourceTree</key>
			<string>&lt;group&gt;</string>
		</dict>
		<key>B692A4931954D9CA00344E36</key>
		<dict>
			<key>children</key>
			<array>
				<string>B692A4941954D9CA00344E36</string>
				<string>B692A4951954D9CA00344E36</string>
			</array>
			<key>isa</key>
			<string>PBXGroup</string>
			<key>name</key>
			<string>Supporting Files</string>
			<key>sourceTree</key>
			<string>&lt;group&gt;</string>
		</dict>
		<key>B692A4941954D9CA00344E36</key>
		<dict>
			<key>isa</key>
			<string>PBXFileReference</string>
			<key>lastKnownFileType</key>
			<string>text.plist.xml</string>
			<key>path</key>
			<string>VENTokenFieldSampleTests-Info.plist</string>
			<key>sourceTree</key>
			<string>&lt;group&gt;</string>
		</dict>
		<key>B692A4951954D9CA00344E36</key>
		<dict>
			<key>children</key>
			<array>
				<string>B692A4961954D9CA00344E36</string>
			</array>
			<key>isa</key>
			<string>PBXVariantGroup</string>
			<key>name</key>
			<string>InfoPlist.strings</string>
			<key>sourceTree</key>
			<string>&lt;group&gt;</string>
		</dict>
		<key>B692A4961954D9CA00344E36</key>
		<dict>
			<key>isa</key>
			<string>PBXFileReference</string>
			<key>lastKnownFileType</key>
			<string>text.plist.strings</string>
			<key>name</key>
			<string>en</string>
			<key>path</key>
			<string>en.lproj/InfoPlist.strings</string>
			<key>sourceTree</key>
			<string>&lt;group&gt;</string>
		</dict>
		<key>B692A4971954D9CA00344E36</key>
		<dict>
			<key>fileRef</key>
			<string>B692A4951954D9CA00344E36</string>
			<key>isa</key>
			<string>PBXBuildFile</string>
		</dict>
		<key>B692A4981954D9CA00344E36</key>
		<dict>
			<key>isa</key>
			<string>PBXFileReference</string>
			<key>lastKnownFileType</key>
			<string>sourcecode.c.objc</string>
			<key>path</key>
			<string>VENTokenFieldSampleTests.m</string>
			<key>sourceTree</key>
			<string>&lt;group&gt;</string>
		</dict>
		<key>B692A4991954D9CA00344E36</key>
		<dict>
			<key>fileRef</key>
			<string>B692A4981954D9CA00344E36</string>
			<key>isa</key>
			<string>PBXBuildFile</string>
		</dict>
		<key>B692A49A1954D9CA00344E36</key>
		<dict>
			<key>buildConfigurations</key>
			<array>
				<string>B692A49B1954D9CA00344E36</string>
				<string>B692A49C1954D9CA00344E36</string>
			</array>
			<key>defaultConfigurationIsVisible</key>
			<string>0</string>
			<key>isa</key>
			<string>XCConfigurationList</string>
		</dict>
		<key>B692A49B1954D9CA00344E36</key>
		<dict>
			<key>baseConfigurationReference</key>
			<string>50CB7BF075094249AF9DF3BD</string>
			<key>buildSettings</key>
			<dict>
				<key>ASSETCATALOG_COMPILER_APPICON_NAME</key>
				<string>AppIcon</string>
				<key>ASSETCATALOG_COMPILER_LAUNCHIMAGE_NAME</key>
				<string>LaunchImage</string>
				<key>CODE_SIGN_IDENTITY[sdk=iphoneos*]</key>
				<string>iPhone Developer</string>
				<key>FRAMEWORK_SEARCH_PATHS</key>
				<array>
					<string>$(inherited)</string>
					<string>$(DEVELOPER_FRAMEWORKS_DIR)</string>
				</array>
				<key>GCC_PRECOMPILE_PREFIX_HEADER</key>
				<string>YES</string>
				<key>GCC_PREFIX_HEADER</key>
				<string>VENTokenFieldSample/VENTokenFieldSample-Prefix.pch</string>
				<key>GCC_PREPROCESSOR_DEFINITIONS</key>
				<array>
					<string>DEBUG=1</string>
					<string>$(inherited)</string>
				</array>
				<key>INFOPLIST_FILE</key>
				<string>VENTokenFieldSample/VENTokenFieldSample-Info.plist</string>
				<key>PRODUCT_NAME</key>
				<string>$(TARGET_NAME)</string>
				<key>WRAPPER_EXTENSION</key>
				<string>app</string>
			</dict>
			<key>isa</key>
			<string>XCBuildConfiguration</string>
			<key>name</key>
			<string>Debug</string>
		</dict>
		<key>B692A49C1954D9CA00344E36</key>
		<dict>
			<key>baseConfigurationReference</key>
			<string>50CB7BF075094249AF9DF3BD</string>
			<key>buildSettings</key>
			<dict>
				<key>ASSETCATALOG_COMPILER_APPICON_NAME</key>
				<string>AppIcon</string>
				<key>ASSETCATALOG_COMPILER_LAUNCHIMAGE_NAME</key>
				<string>LaunchImage</string>
				<key>CODE_SIGN_IDENTITY[sdk=iphoneos*]</key>
				<string>iPhone Developer</string>
				<key>FRAMEWORK_SEARCH_PATHS</key>
				<array>
					<string>$(inherited)</string>
					<string>$(DEVELOPER_FRAMEWORKS_DIR)</string>
				</array>
				<key>GCC_PRECOMPILE_PREFIX_HEADER</key>
				<string>YES</string>
				<key>GCC_PREFIX_HEADER</key>
				<string>VENTokenFieldSample/VENTokenFieldSample-Prefix.pch</string>
				<key>INFOPLIST_FILE</key>
				<string>VENTokenFieldSample/VENTokenFieldSample-Info.plist</string>
				<key>PRODUCT_NAME</key>
				<string>$(TARGET_NAME)</string>
				<key>WRAPPER_EXTENSION</key>
				<string>app</string>
			</dict>
			<key>isa</key>
			<string>XCBuildConfiguration</string>
			<key>name</key>
			<string>Release</string>
		</dict>
		<key>B692A49D1954D9CA00344E36</key>
		<dict>
			<key>buildConfigurations</key>
			<array>
				<string>B692A49E1954D9CA00344E36</string>
				<string>B692A49F1954D9CA00344E36</string>
			</array>
			<key>defaultConfigurationIsVisible</key>
			<string>0</string>
			<key>isa</key>
			<string>XCConfigurationList</string>
		</dict>
		<key>B692A49E1954D9CA00344E36</key>
		<dict>
			<key>baseConfigurationReference</key>
			<string>0CD24887D17F41CB9A2D8AF8</string>
			<key>buildSettings</key>
			<dict>
				<key>BUNDLE_LOADER</key>
				<string>$(BUILT_PRODUCTS_DIR)/VENTokenFieldSample.app/VENTokenFieldSample</string>
				<key>FRAMEWORK_SEARCH_PATHS</key>
				<array>
					<string>$(SDKROOT)/Developer/Library/Frameworks</string>
					<string>$(inherited)</string>
					<string>$(DEVELOPER_FRAMEWORKS_DIR)</string>
				</array>
				<key>GCC_PRECOMPILE_PREFIX_HEADER</key>
				<string>YES</string>
				<key>GCC_PREFIX_HEADER</key>
				<string>VENTokenFieldSample/VENTokenFieldSample-Prefix.pch</string>
				<key>GCC_PREPROCESSOR_DEFINITIONS</key>
				<array>
					<string>DEBUG=1</string>
					<string>$(inherited)</string>
				</array>
				<key>INFOPLIST_FILE</key>
				<string>VENTokenFieldSampleTests/VENTokenFieldSampleTests-Info.plist</string>
				<key>PRODUCT_NAME</key>
				<string>$(TARGET_NAME)</string>
				<key>TEST_HOST</key>
				<string>$(BUNDLE_LOADER)</string>
				<key>WRAPPER_EXTENSION</key>
				<string>xctest</string>
			</dict>
			<key>isa</key>
			<string>XCBuildConfiguration</string>
			<key>name</key>
			<string>Debug</string>
		</dict>
		<key>B692A49F1954D9CA00344E36</key>
		<dict>
			<key>baseConfigurationReference</key>
			<string>0CD24887D17F41CB9A2D8AF8</string>
			<key>buildSettings</key>
			<dict>
				<key>BUNDLE_LOADER</key>
				<string>$(BUILT_PRODUCTS_DIR)/VENTokenFieldSample.app/VENTokenFieldSample</string>
				<key>FRAMEWORK_SEARCH_PATHS</key>
				<array>
					<string>$(SDKROOT)/Developer/Library/Frameworks</string>
					<string>$(inherited)</string>
					<string>$(DEVELOPER_FRAMEWORKS_DIR)</string>
				</array>
				<key>GCC_PRECOMPILE_PREFIX_HEADER</key>
				<string>YES</string>
				<key>GCC_PREFIX_HEADER</key>
				<string>VENTokenFieldSample/VENTokenFieldSample-Prefix.pch</string>
				<key>INFOPLIST_FILE</key>
				<string>VENTokenFieldSampleTests/VENTokenFieldSampleTests-Info.plist</string>
				<key>PRODUCT_NAME</key>
				<string>$(TARGET_NAME)</string>
				<key>TEST_HOST</key>
				<string>$(BUNDLE_LOADER)</string>
				<key>WRAPPER_EXTENSION</key>
				<string>xctest</string>
			</dict>
			<key>isa</key>
			<string>XCBuildConfiguration</string>
			<key>name</key>
			<string>Release</string>
		</dict>
		<key>D5857AF01C324E059F218F89</key>
		<dict>
			<key>buildActionMask</key>
			<string>2147483647</string>
			<key>files</key>
			<array/>
			<key>inputPaths</key>
			<array/>
			<key>isa</key>
			<string>PBXShellScriptBuildPhase</string>
			<key>name</key>
			<string>Check Pods Manifest.lock</string>
			<key>outputPaths</key>
			<array/>
			<key>runOnlyForDeploymentPostprocessing</key>
			<string>0</string>
			<key>shellPath</key>
			<string>/bin/sh</string>
			<key>shellScript</key>
			<string>diff "${PODS_ROOT}/../Podfile.lock" "${PODS_ROOT}/Manifest.lock" &gt; /dev/null
if [[ $? != 0 ]] ; then
    cat &lt;&lt; EOM
error: The sandbox is not in sync with the Podfile.lock. Run 'pod install' or update your CocoaPods installation.
EOM
    exit 1
fi
</string>
			<key>showEnvVarsInLog</key>
			<string>0</string>
		</dict>
		<key>F5DB7503CF2443B686EA59B7</key>
		<dict>
			<key>explicitFileType</key>
			<string>archive.ar</string>
			<key>includeInIndex</key>
			<string>0</string>
			<key>isa</key>
			<string>PBXFileReference</string>
			<key>path</key>
			<string>libPods-VENTokenFieldSample.a</string>
			<key>sourceTree</key>
			<string>BUILT_PRODUCTS_DIR</string>
		</dict>
	</dict>
	<key>rootObject</key>
	<string>B6173DF41952760200E293BB</string>
</dict>
</plist>
